
Microsoft Visual Studio Solution File, Format Version 12.00
# Visual Studio 15
VisualStudioVersion = 15.0.26124.0
MinimumVisualStudioVersion = 15.0.26124.0
Project("{2150E333-8FDC-42A3-9474-1A3956D46DE8}") = "src", "src", "{F429CECD-9F07-4E96-8BA2-CC642AD7C03E}"
EndProject
Project("{FAE04EC0-301F-11D3-BF4B-00C04F79EFBC}") = "DepartamentoPessoal", "src\DepartamentoPessoal\DepartamentoPessoal.csproj", "{6CDA8F0A-4F92-4847-A9C6-9BCC8B7B82DB}"
EndProject
Project("{FAE04EC0-301F-11D3-BF4B-00C04F79EFBC}") = "Financeiro", "src\Financeiro\Financeiro.csproj", "{35747F1B-99EA-41D8-8607-AFEB5019C7A3}"
EndProject
Project("{FAE04EC0-301F-11D3-BF4B-00C04F79EFBC}") = "Projeto", "src\Projeto\Projeto.csproj", "{2F70F02D-07D5-44F9-B76C-FC3A272C231F}"
EndProject
Project("{FAE04EC0-301F-11D3-BF4B-00C04F79EFBC}") = "Cadastro", "src\Cadastro\Cadastro.csproj", "{895A5E86-BC36-40B9-87B5-B7FF70E67790}"
EndProject
Project("{FAE04EC0-301F-11D3-BF4B-00C04F79EFBC}") = "DepartamentoPessoal.Test", "src\DepartamentoPessoal.Test\DepartamentoPessoal.Test.csproj", "{288B1247-3B8C-4AB0-A807-D858F1F0125A}"
EndProject
Project("{FAE04EC0-301F-11D3-BF4B-00C04F79EFBC}") = "Financeiro.Test", "src\Financeiro.Test\Financeiro.Test.csproj", "{1EF1A110-ED32-46C9-8439-D4618AE105B7}"
EndProject
Project("{FAE04EC0-301F-11D3-BF4B-00C04F79EFBC}") = "Projeto.Test", "src\Projeto.Test\Projeto.Test.csproj", "{D491F7F5-1864-42E1-9037-84210B135F8B}"
EndProject
Global
	GlobalSection(SolutionConfigurationPlatforms) = preSolution
		Debug|Any CPU = Debug|Any CPU
		Debug|x64 = Debug|x64
		Debug|x86 = Debug|x86
		Release|Any CPU = Release|Any CPU
		Release|x64 = Release|x64
		Release|x86 = Release|x86
	EndGlobalSection
	GlobalSection(SolutionProperties) = preSolution
		HideSolutionNode = FALSE
	EndGlobalSection
	GlobalSection(ProjectConfigurationPlatforms) = postSolution
		{6CDA8F0A-4F92-4847-A9C6-9BCC8B7B82DB}.Debug|Any CPU.ActiveCfg = Debug|Any CPU
		{6CDA8F0A-4F92-4847-A9C6-9BCC8B7B82DB}.Debug|Any CPU.Build.0 = Debug|Any CPU
		{6CDA8F0A-4F92-4847-A9C6-9BCC8B7B82DB}.Debug|x64.ActiveCfg = Debug|Any CPU
		{6CDA8F0A-4F92-4847-A9C6-9BCC8B7B82DB}.Debug|x64.Build.0 = Debug|Any CPU
		{6CDA8F0A-4F92-4847-A9C6-9BCC8B7B82DB}.Debug|x86.ActiveCfg = Debug|Any CPU
		{6CDA8F0A-4F92-4847-A9C6-9BCC8B7B82DB}.Debug|x86.Build.0 = Debug|Any CPU
		{6CDA8F0A-4F92-4847-A9C6-9BCC8B7B82DB}.Release|Any CPU.ActiveCfg = Release|Any CPU
		{6CDA8F0A-4F92-4847-A9C6-9BCC8B7B82DB}.Release|Any CPU.Build.0 = Release|Any CPU
		{6CDA8F0A-4F92-4847-A9C6-9BCC8B7B82DB}.Release|x64.ActiveCfg = Release|Any CPU
		{6CDA8F0A-4F92-4847-A9C6-9BCC8B7B82DB}.Release|x64.Build.0 = Release|Any CPU
		{6CDA8F0A-4F92-4847-A9C6-9BCC8B7B82DB}.Release|x86.ActiveCfg = Release|Any CPU
		{6CDA8F0A-4F92-4847-A9C6-9BCC8B7B82DB}.Release|x86.Build.0 = Release|Any CPU
		{35747F1B-99EA-41D8-8607-AFEB5019C7A3}.Debug|Any CPU.ActiveCfg = Debug|Any CPU
		{35747F1B-99EA-41D8-8607-AFEB5019C7A3}.Debug|Any CPU.Build.0 = Debug|Any CPU
		{35747F1B-99EA-41D8-8607-AFEB5019C7A3}.Debug|x64.ActiveCfg = Debug|Any CPU
		{35747F1B-99EA-41D8-8607-AFEB5019C7A3}.Debug|x64.Build.0 = Debug|Any CPU
		{35747F1B-99EA-41D8-8607-AFEB5019C7A3}.Debug|x86.ActiveCfg = Debug|Any CPU
		{35747F1B-99EA-41D8-8607-AFEB5019C7A3}.Debug|x86.Build.0 = Debug|Any CPU
		{35747F1B-99EA-41D8-8607-AFEB5019C7A3}.Release|Any CPU.ActiveCfg = Release|Any CPU
		{35747F1B-99EA-41D8-8607-AFEB5019C7A3}.Release|Any CPU.Build.0 = Release|Any CPU
		{35747F1B-99EA-41D8-8607-AFEB5019C7A3}.Release|x64.ActiveCfg = Release|Any CPU
		{35747F1B-99EA-41D8-8607-AFEB5019C7A3}.Release|x64.Build.0 = Release|Any CPU
		{35747F1B-99EA-41D8-8607-AFEB5019C7A3}.Release|x86.ActiveCfg = Release|Any CPU
		{35747F1B-99EA-41D8-8607-AFEB5019C7A3}.Release|x86.Build.0 = Release|Any CPU
		{2F70F02D-07D5-44F9-B76C-FC3A272C231F}.Debug|Any CPU.ActiveCfg = Debug|Any CPU
		{2F70F02D-07D5-44F9-B76C-FC3A272C231F}.Debug|Any CPU.Build.0 = Debug|Any CPU
		{2F70F02D-07D5-44F9-B76C-FC3A272C231F}.Debug|x64.ActiveCfg = Debug|Any CPU
		{2F70F02D-07D5-44F9-B76C-FC3A272C231F}.Debug|x64.Build.0 = Debug|Any CPU
		{2F70F02D-07D5-44F9-B76C-FC3A272C231F}.Debug|x86.ActiveCfg = Debug|Any CPU
		{2F70F02D-07D5-44F9-B76C-FC3A272C231F}.Debug|x86.Build.0 = Debug|Any CPU
		{2F70F02D-07D5-44F9-B76C-FC3A272C231F}.Release|Any CPU.ActiveCfg = Release|Any CPU
		{2F70F02D-07D5-44F9-B76C-FC3A272C231F}.Release|Any CPU.Build.0 = Release|Any CPU
		{2F70F02D-07D5-44F9-B76C-FC3A272C231F}.Release|x64.ActiveCfg = Release|Any CPU
		{2F70F02D-07D5-44F9-B76C-FC3A272C231F}.Release|x64.Build.0 = Release|Any CPU
		{2F70F02D-07D5-44F9-B76C-FC3A272C231F}.Release|x86.ActiveCfg = Release|Any CPU
		{2F70F02D-07D5-44F9-B76C-FC3A272C231F}.Release|x86.Build.0 = Release|Any CPU
		{895A5E86-BC36-40B9-87B5-B7FF70E67790}.Debug|Any CPU.ActiveCfg = Debug|Any CPU
		{895A5E86-BC36-40B9-87B5-B7FF70E67790}.Debug|Any CPU.Build.0 = Debug|Any CPU
		{895A5E86-BC36-40B9-87B5-B7FF70E67790}.Debug|x64.ActiveCfg = Debug|Any CPU
		{895A5E86-BC36-40B9-87B5-B7FF70E67790}.Debug|x64.Build.0 = Debug|Any CPU
		{895A5E86-BC36-40B9-87B5-B7FF70E67790}.Debug|x86.ActiveCfg = Debug|Any CPU
		{895A5E86-BC36-40B9-87B5-B7FF70E67790}.Debug|x86.Build.0 = Debug|Any CPU
		{895A5E86-BC36-40B9-87B5-B7FF70E67790}.Release|Any CPU.ActiveCfg = Release|Any CPU
		{895A5E86-BC36-40B9-87B5-B7FF70E67790}.Release|Any CPU.Build.0 = Release|Any CPU
		{895A5E86-BC36-40B9-87B5-B7FF70E67790}.Release|x64.ActiveCfg = Release|Any CPU
		{895A5E86-BC36-40B9-87B5-B7FF70E67790}.Release|x64.Build.0 = Release|Any CPU
		{895A5E86-BC36-40B9-87B5-B7FF70E67790}.Release|x86.ActiveCfg = Release|Any CPU
		{895A5E86-BC36-40B9-87B5-B7FF70E67790}.Release|x86.Build.0 = Release|Any CPU
		{288B1247-3B8C-4AB0-A807-D858F1F0125A}.Debug|Any CPU.ActiveCfg = Debug|Any CPU
		{288B1247-3B8C-4AB0-A807-D858F1F0125A}.Debug|Any CPU.Build.0 = Debug|Any CPU
		{288B1247-3B8C-4AB0-A807-D858F1F0125A}.Debug|x64.ActiveCfg = Debug|Any CPU
		{288B1247-3B8C-4AB0-A807-D858F1F0125A}.Debug|x64.Build.0 = Debug|Any CPU
		{288B1247-3B8C-4AB0-A807-D858F1F0125A}.Debug|x86.ActiveCfg = Debug|Any CPU
		{288B1247-3B8C-4AB0-A807-D858F1F0125A}.Debug|x86.Build.0 = Debug|Any CPU
		{288B1247-3B8C-4AB0-A807-D858F1F0125A}.Release|Any CPU.ActiveCfg = Release|Any CPU
		{288B1247-3B8C-4AB0-A807-D858F1F0125A}.Release|Any CPU.Build.0 = Release|Any CPU
		{288B1247-3B8C-4AB0-A807-D858F1F0125A}.Release|x64.ActiveCfg = Release|Any CPU
		{288B1247-3B8C-4AB0-A807-D858F1F0125A}.Release|x64.Build.0 = Release|Any CPU
		{288B1247-3B8C-4AB0-A807-D858F1F0125A}.Release|x86.ActiveCfg = Release|Any CPU
		{288B1247-3B8C-4AB0-A807-D858F1F0125A}.Release|x86.Build.0 = Release|Any CPU
		{1EF1A110-ED32-46C9-8439-D4618AE105B7}.Debug|Any CPU.ActiveCfg = Debug|Any CPU
		{1EF1A110-ED32-46C9-8439-D4618AE105B7}.Debug|Any CPU.Build.0 = Debug|Any CPU
		{1EF1A110-ED32-46C9-8439-D4618AE105B7}.Debug|x64.ActiveCfg = Debug|Any CPU
		{1EF1A110-ED32-46C9-8439-D4618AE105B7}.Debug|x64.Build.0 = Debug|Any CPU
		{1EF1A110-ED32-46C9-8439-D4618AE105B7}.Debug|x86.ActiveCfg = Debug|Any CPU
		{1EF1A110-ED32-46C9-8439-D4618AE105B7}.Debug|x86.Build.0 = Debug|Any CPU
		{1EF1A110-ED32-46C9-8439-D4618AE105B7}.Release|Any CPU.ActiveCfg = Release|Any CPU
		{1EF1A110-ED32-46C9-8439-D4618AE105B7}.Release|Any CPU.Build.0 = Release|Any CPU
		{1EF1A110-ED32-46C9-8439-D4618AE105B7}.Release|x64.ActiveCfg = Release|Any CPU
		{1EF1A110-ED32-46C9-8439-D4618AE105B7}.Release|x64.Build.0 = Release|Any CPU
		{1EF1A110-ED32-46C9-8439-D4618AE105B7}.Release|x86.ActiveCfg = Release|Any CPU
		{1EF1A110-ED32-46C9-8439-D4618AE105B7}.Release|x86.Build.0 = Release|Any CPU
		{D491F7F5-1864-42E1-9037-84210B135F8B}.Debug|Any CPU.ActiveCfg = Debug|Any CPU
		{D491F7F5-1864-42E1-9037-84210B135F8B}.Debug|Any CPU.Build.0 = Debug|Any CPU
		{D491F7F5-1864-42E1-9037-84210B135F8B}.Debug|x64.ActiveCfg = Debug|Any CPU
		{D491F7F5-1864-42E1-9037-84210B135F8B}.Debug|x64.Build.0 = Debug|Any CPU
		{D491F7F5-1864-42E1-9037-84210B135F8B}.Debug|x86.ActiveCfg = Debug|Any CPU
		{D491F7F5-1864-42E1-9037-84210B135F8B}.Debug|x86.Build.0 = Debug|Any CPU
		{D491F7F5-1864-42E1-9037-84210B135F8B}.Release|Any CPU.ActiveCfg = Release|Any CPU
		{D491F7F5-1864-42E1-9037-84210B135F8B}.Release|Any CPU.Build.0 = Release|Any CPU
		{D491F7F5-1864-42E1-9037-84210B135F8B}.Release|x64.ActiveCfg = Release|Any CPU
		{D491F7F5-1864-42E1-9037-84210B135F8B}.Release|x64.Build.0 = Release|Any CPU
		{D491F7F5-1864-42E1-9037-84210B135F8B}.Release|x86.ActiveCfg = Release|Any CPU
		{D491F7F5-1864-42E1-9037-84210B135F8B}.Release|x86.Build.0 = Release|Any CPU
	EndGlobalSection
	GlobalSection(NestedProjects) = preSolution
		{6CDA8F0A-4F92-4847-A9C6-9BCC8B7B82DB} = {F429CECD-9F07-4E96-8BA2-CC642AD7C03E}
		{35747F1B-99EA-41D8-8607-AFEB5019C7A3} = {F429CECD-9F07-4E96-8BA2-CC642AD7C03E}
		{2F70F02D-07D5-44F9-B76C-FC3A272C231F} = {F429CECD-9F07-4E96-8BA2-CC642AD7C03E}
		{895A5E86-BC36-40B9-87B5-B7FF70E67790} = {F429CECD-9F07-4E96-8BA2-CC642AD7C03E}
		{288B1247-3B8C-4AB0-A807-D858F1F0125A} = {F429CECD-9F07-4E96-8BA2-CC642AD7C03E}
		{1EF1A110-ED32-46C9-8439-D4618AE105B7} = {F429CECD-9F07-4E96-8BA2-CC642AD7C03E}
		{D491F7F5-1864-42E1-9037-84210B135F8B} = {F429CECD-9F07-4E96-8BA2-CC642AD7C03E}
	EndGlobalSection
EndGlobal
