
Microsoft Visual Studio Solution File, Format Version 12.00
# Visual Studio 15
VisualStudioVersion = 15.0.26124.0
MinimumVisualStudioVersion = 15.0.26124.0
Project("{2150E333-8FDC-42A3-9474-1A3956D46DE8}") = "DIP", "DIP", "{D79C9EE1-C70E-45C3-BDCC-C6F1F33E4853}"
EndProject
Project("{2150E333-8FDC-42A3-9474-1A3956D46DE8}") = "src", "src", "{4F7FDA73-B74C-4D9D-9EE5-5B0C246F5DAF}"
EndProject
Project("{FAE04EC0-301F-11D3-BF4B-00C04F79EFBC}") = "Venda.Application", "DIP\src\Venda.Application\Venda.Application.csproj", "{C96EB1F5-5CC0-42B3-87B6-A6021770FBD9}"
EndProject
Project("{FAE04EC0-301F-11D3-BF4B-00C04F79EFBC}") = "Venda.Application.Test", "DIP\src\Venda.Application.Test\Venda.Application.Test.csproj", "{58711F2C-03E5-4ADD-AA59-886CD31405DC}"
EndProject
Project("{FAE04EC0-301F-11D3-BF4B-00C04F79EFBC}") = "Venda.Dominio", "DIP\src\Venda.Dominio\Venda.Dominio.csproj", "{E36D3A37-9C5F-4833-91F6-544510A9E325}"
EndProject
Project("{FAE04EC0-301F-11D3-BF4B-00C04F79EFBC}") = "Venda.Dominio.Test", "DIP\src\Venda.Dominio.Test\Venda.Dominio.Test.csproj", "{30984754-3269-4CBD-9227-11A00C0F3D48}"
EndProject
Project("{FAE04EC0-301F-11D3-BF4B-00C04F79EFBC}") = "Venda.Crosscutting", "DIP\src\Venda.Crosscutting\Venda.Crosscutting.csproj", "{9E758171-2FB9-4029-A200-F18DD1B9DE0D}"
EndProject
Project("{FAE04EC0-301F-11D3-BF4B-00C04F79EFBC}") = "Venda.Infra", "DIP\src\Venda.Infra\Venda.Infra.csproj", "{51D19A45-CFAD-4F1F-9D39-5E208FA85BE4}"
EndProject
Global
	GlobalSection(SolutionConfigurationPlatforms) = preSolution
		Debug|Any CPU = Debug|Any CPU
		Debug|x64 = Debug|x64
		Debug|x86 = Debug|x86
		Release|Any CPU = Release|Any CPU
		Release|x64 = Release|x64
		Release|x86 = Release|x86
	EndGlobalSection
	GlobalSection(SolutionProperties) = preSolution
		HideSolutionNode = FALSE
	EndGlobalSection
	GlobalSection(ProjectConfigurationPlatforms) = postSolution
		{C96EB1F5-5CC0-42B3-87B6-A6021770FBD9}.Debug|Any CPU.ActiveCfg = Debug|Any CPU
		{C96EB1F5-5CC0-42B3-87B6-A6021770FBD9}.Debug|Any CPU.Build.0 = Debug|Any CPU
		{C96EB1F5-5CC0-42B3-87B6-A6021770FBD9}.Debug|x64.ActiveCfg = Debug|Any CPU
		{C96EB1F5-5CC0-42B3-87B6-A6021770FBD9}.Debug|x64.Build.0 = Debug|Any CPU
		{C96EB1F5-5CC0-42B3-87B6-A6021770FBD9}.Debug|x86.ActiveCfg = Debug|Any CPU
		{C96EB1F5-5CC0-42B3-87B6-A6021770FBD9}.Debug|x86.Build.0 = Debug|Any CPU
		{C96EB1F5-5CC0-42B3-87B6-A6021770FBD9}.Release|Any CPU.ActiveCfg = Release|Any CPU
		{C96EB1F5-5CC0-42B3-87B6-A6021770FBD9}.Release|Any CPU.Build.0 = Release|Any CPU
		{C96EB1F5-5CC0-42B3-87B6-A6021770FBD9}.Release|x64.ActiveCfg = Release|Any CPU
		{C96EB1F5-5CC0-42B3-87B6-A6021770FBD9}.Release|x64.Build.0 = Release|Any CPU
		{C96EB1F5-5CC0-42B3-87B6-A6021770FBD9}.Release|x86.ActiveCfg = Release|Any CPU
		{C96EB1F5-5CC0-42B3-87B6-A6021770FBD9}.Release|x86.Build.0 = Release|Any CPU
		{58711F2C-03E5-4ADD-AA59-886CD31405DC}.Debug|Any CPU.ActiveCfg = Debug|Any CPU
		{58711F2C-03E5-4ADD-AA59-886CD31405DC}.Debug|Any CPU.Build.0 = Debug|Any CPU
		{58711F2C-03E5-4ADD-AA59-886CD31405DC}.Debug|x64.ActiveCfg = Debug|Any CPU
		{58711F2C-03E5-4ADD-AA59-886CD31405DC}.Debug|x64.Build.0 = Debug|Any CPU
		{58711F2C-03E5-4ADD-AA59-886CD31405DC}.Debug|x86.ActiveCfg = Debug|Any CPU
		{58711F2C-03E5-4ADD-AA59-886CD31405DC}.Debug|x86.Build.0 = Debug|Any CPU
		{58711F2C-03E5-4ADD-AA59-886CD31405DC}.Release|Any CPU.ActiveCfg = Release|Any CPU
		{58711F2C-03E5-4ADD-AA59-886CD31405DC}.Release|Any CPU.Build.0 = Release|Any CPU
		{58711F2C-03E5-4ADD-AA59-886CD31405DC}.Release|x64.ActiveCfg = Release|Any CPU
		{58711F2C-03E5-4ADD-AA59-886CD31405DC}.Release|x64.Build.0 = Release|Any CPU
		{58711F2C-03E5-4ADD-AA59-886CD31405DC}.Release|x86.ActiveCfg = Release|Any CPU
		{58711F2C-03E5-4ADD-AA59-886CD31405DC}.Release|x86.Build.0 = Release|Any CPU
		{E36D3A37-9C5F-4833-91F6-544510A9E325}.Debug|Any CPU.ActiveCfg = Debug|Any CPU
		{E36D3A37-9C5F-4833-91F6-544510A9E325}.Debug|Any CPU.Build.0 = Debug|Any CPU
		{E36D3A37-9C5F-4833-91F6-544510A9E325}.Debug|x64.ActiveCfg = Debug|Any CPU
		{E36D3A37-9C5F-4833-91F6-544510A9E325}.Debug|x64.Build.0 = Debug|Any CPU
		{E36D3A37-9C5F-4833-91F6-544510A9E325}.Debug|x86.ActiveCfg = Debug|Any CPU
		{E36D3A37-9C5F-4833-91F6-544510A9E325}.Debug|x86.Build.0 = Debug|Any CPU
		{E36D3A37-9C5F-4833-91F6-544510A9E325}.Release|Any CPU.ActiveCfg = Release|Any CPU
		{E36D3A37-9C5F-4833-91F6-544510A9E325}.Release|Any CPU.Build.0 = Release|Any CPU
		{E36D3A37-9C5F-4833-91F6-544510A9E325}.Release|x64.ActiveCfg = Release|Any CPU
		{E36D3A37-9C5F-4833-91F6-544510A9E325}.Release|x64.Build.0 = Release|Any CPU
		{E36D3A37-9C5F-4833-91F6-544510A9E325}.Release|x86.ActiveCfg = Release|Any CPU
		{E36D3A37-9C5F-4833-91F6-544510A9E325}.Release|x86.Build.0 = Release|Any CPU
		{30984754-3269-4CBD-9227-11A00C0F3D48}.Debug|Any CPU.ActiveCfg = Debug|Any CPU
		{30984754-3269-4CBD-9227-11A00C0F3D48}.Debug|Any CPU.Build.0 = Debug|Any CPU
		{30984754-3269-4CBD-9227-11A00C0F3D48}.Debug|x64.ActiveCfg = Debug|Any CPU
		{30984754-3269-4CBD-9227-11A00C0F3D48}.Debug|x64.Build.0 = Debug|Any CPU
		{30984754-3269-4CBD-9227-11A00C0F3D48}.Debug|x86.ActiveCfg = Debug|Any CPU
		{30984754-3269-4CBD-9227-11A00C0F3D48}.Debug|x86.Build.0 = Debug|Any CPU
		{30984754-3269-4CBD-9227-11A00C0F3D48}.Release|Any CPU.ActiveCfg = Release|Any CPU
		{30984754-3269-4CBD-9227-11A00C0F3D48}.Release|Any CPU.Build.0 = Release|Any CPU
		{30984754-3269-4CBD-9227-11A00C0F3D48}.Release|x64.ActiveCfg = Release|Any CPU
		{30984754-3269-4CBD-9227-11A00C0F3D48}.Release|x64.Build.0 = Release|Any CPU
		{30984754-3269-4CBD-9227-11A00C0F3D48}.Release|x86.ActiveCfg = Release|Any CPU
		{30984754-3269-4CBD-9227-11A00C0F3D48}.Release|x86.Build.0 = Release|Any CPU
		{9E758171-2FB9-4029-A200-F18DD1B9DE0D}.Debug|Any CPU.ActiveCfg = Debug|Any CPU
		{9E758171-2FB9-4029-A200-F18DD1B9DE0D}.Debug|Any CPU.Build.0 = Debug|Any CPU
		{9E758171-2FB9-4029-A200-F18DD1B9DE0D}.Debug|x64.ActiveCfg = Debug|Any CPU
		{9E758171-2FB9-4029-A200-F18DD1B9DE0D}.Debug|x64.Build.0 = Debug|Any CPU
		{9E758171-2FB9-4029-A200-F18DD1B9DE0D}.Debug|x86.ActiveCfg = Debug|Any CPU
		{9E758171-2FB9-4029-A200-F18DD1B9DE0D}.Debug|x86.Build.0 = Debug|Any CPU
		{9E758171-2FB9-4029-A200-F18DD1B9DE0D}.Release|Any CPU.ActiveCfg = Release|Any CPU
		{9E758171-2FB9-4029-A200-F18DD1B9DE0D}.Release|Any CPU.Build.0 = Release|Any CPU
		{9E758171-2FB9-4029-A200-F18DD1B9DE0D}.Release|x64.ActiveCfg = Release|Any CPU
		{9E758171-2FB9-4029-A200-F18DD1B9DE0D}.Release|x64.Build.0 = Release|Any CPU
		{9E758171-2FB9-4029-A200-F18DD1B9DE0D}.Release|x86.ActiveCfg = Release|Any CPU
		{9E758171-2FB9-4029-A200-F18DD1B9DE0D}.Release|x86.Build.0 = Release|Any CPU
		{51D19A45-CFAD-4F1F-9D39-5E208FA85BE4}.Debug|Any CPU.ActiveCfg = Debug|Any CPU
		{51D19A45-CFAD-4F1F-9D39-5E208FA85BE4}.Debug|Any CPU.Build.0 = Debug|Any CPU
		{51D19A45-CFAD-4F1F-9D39-5E208FA85BE4}.Debug|x64.ActiveCfg = Debug|Any CPU
		{51D19A45-CFAD-4F1F-9D39-5E208FA85BE4}.Debug|x64.Build.0 = Debug|Any CPU
		{51D19A45-CFAD-4F1F-9D39-5E208FA85BE4}.Debug|x86.ActiveCfg = Debug|Any CPU
		{51D19A45-CFAD-4F1F-9D39-5E208FA85BE4}.Debug|x86.Build.0 = Debug|Any CPU
		{51D19A45-CFAD-4F1F-9D39-5E208FA85BE4}.Release|Any CPU.ActiveCfg = Release|Any CPU
		{51D19A45-CFAD-4F1F-9D39-5E208FA85BE4}.Release|Any CPU.Build.0 = Release|Any CPU
		{51D19A45-CFAD-4F1F-9D39-5E208FA85BE4}.Release|x64.ActiveCfg = Release|Any CPU
		{51D19A45-CFAD-4F1F-9D39-5E208FA85BE4}.Release|x64.Build.0 = Release|Any CPU
		{51D19A45-CFAD-4F1F-9D39-5E208FA85BE4}.Release|x86.ActiveCfg = Release|Any CPU
		{51D19A45-CFAD-4F1F-9D39-5E208FA85BE4}.Release|x86.Build.0 = Release|Any CPU
	EndGlobalSection
	GlobalSection(NestedProjects) = preSolution
		{4F7FDA73-B74C-4D9D-9EE5-5B0C246F5DAF} = {D79C9EE1-C70E-45C3-BDCC-C6F1F33E4853}
		{C96EB1F5-5CC0-42B3-87B6-A6021770FBD9} = {4F7FDA73-B74C-4D9D-9EE5-5B0C246F5DAF}
		{58711F2C-03E5-4ADD-AA59-886CD31405DC} = {4F7FDA73-B74C-4D9D-9EE5-5B0C246F5DAF}
		{E36D3A37-9C5F-4833-91F6-544510A9E325} = {4F7FDA73-B74C-4D9D-9EE5-5B0C246F5DAF}
		{30984754-3269-4CBD-9227-11A00C0F3D48} = {4F7FDA73-B74C-4D9D-9EE5-5B0C246F5DAF}
		{9E758171-2FB9-4029-A200-F18DD1B9DE0D} = {4F7FDA73-B74C-4D9D-9EE5-5B0C246F5DAF}
		{51D19A45-CFAD-4F1F-9D39-5E208FA85BE4} = {4F7FDA73-B74C-4D9D-9EE5-5B0C246F5DAF}
	EndGlobalSection
EndGlobal
